
Microsoft Visual Studio Solution File, Format Version 12.00
# Visual Studio Version 17
VisualStudioVersion = 17.4.33213.308
MinimumVisualStudioVersion = 10.0.40219.1
Project("{9A19103F-16F7-4668-BE54-9A1E7A4F7556}") = "FullStack.API", "FullStack.API\FullStack.API.csproj", "{A9FFD8A8-C2A9-42D5-87F2-8F9CBD435E17}"
EndProject
Project("{2150E333-8FDC-42A3-9474-1A3956D46DE8}") = "Solution Items", "Solution Items", "{96B610DB-9409-443C-ABF6-F9AE8CF91576}"
EndProject
Global
	GlobalSection(SolutionConfigurationPlatforms) = preSolution
		Debug|Any CPU = Debug|Any CPU
		Release|Any CPU = Release|Any CPU
	EndGlobalSection
	GlobalSection(ProjectConfigurationPlatforms) = postSolution
		{A9FFD8A8-C2A9-42D5-87F2-8F9CBD435E17}.Debug|Any CPU.ActiveCfg = Debug|Any CPU
		{A9FFD8A8-C2A9-42D5-87F2-8F9CBD435E17}.Debug|Any CPU.Build.0 = Debug|Any CPU
		{A9FFD8A8-C2A9-42D5-87F2-8F9CBD435E17}.Release|Any CPU.ActiveCfg = Release|Any CPU
		{A9FFD8A8-C2A9-42D5-87F2-8F9CBD435E17}.Release|Any CPU.Build.0 = Release|Any CPU
	EndGlobalSection
	GlobalSection(SolutionProperties) = preSolution
		HideSolutionNode = FALSE
	EndGlobalSection
	GlobalSection(ExtensibilityGlobals) = postSolution
		SolutionGuid = {403531CE-633C-4B89-AFF5-82FCEB2754E2}
	EndGlobalSection
EndGlobal
